
Microsoft Visual Studio Solution File, Format Version 12.00
# Visual Studio Version 16
VisualStudioVersion = 16.0.29519.181
MinimumVisualStudioVersion = 10.0.40219.1
Project("{FAE04EC0-301F-11D3-BF4B-00C04F79EFBC}") = "CalculateWage", "CalculateWage\CalculateWage.csproj", "{0F72618F-987A-4C84-9B8C-C7C71CC96D49}"
EndProject
Global
	GlobalSection(SolutionConfigurationPlatforms) = preSolution
		Debug|Any CPU = Debug|Any CPU
		Release|Any CPU = Release|Any CPU
	EndGlobalSection
	GlobalSection(ProjectConfigurationPlatforms) = postSolution
		{0F72618F-987A-4C84-9B8C-C7C71CC96D49}.Debug|Any CPU.ActiveCfg = Debug|Any CPU
		{0F72618F-987A-4C84-9B8C-C7C71CC96D49}.Debug|Any CPU.Build.0 = Debug|Any CPU
		{0F72618F-987A-4C84-9B8C-C7C71CC96D49}.Release|Any CPU.ActiveCfg = Release|Any CPU
		{0F72618F-987A-4C84-9B8C-C7C71CC96D49}.Release|Any CPU.Build.0 = Release|Any CPU
	EndGlobalSection
	GlobalSection(SolutionProperties) = preSolution
		HideSolutionNode = FALSE
	EndGlobalSection
	GlobalSection(ExtensibilityGlobals) = postSolution
		SolutionGuid = {76816F86-4F84-4B50-A852-46827E34381E}
	EndGlobalSection
EndGlobal
